
Microsoft Visual Studio Solution File, Format Version 12.00
# Visual Studio Version 17
Project("{8BC9CEB8-8B4A-11D0-8D11-00A0C91BC942}") = "ALL_BUILD", "ALL_BUILD.vcxproj", "{5E3D187B-292F-39CE-AED3-A693F867C117}"
	ProjectSection(ProjectDependencies) = postProject
		{F4D101AD-17BD-3525-9072-CD76C8074BEB} = {F4D101AD-17BD-3525-9072-CD76C8074BEB}
		{B57C1B6C-F9A6-37B3-BF16-199B567E51AC} = {B57C1B6C-F9A6-37B3-BF16-199B567E51AC}
	EndProjectSection
EndProject
Project("{8BC9CEB8-8B4A-11D0-8D11-00A0C91BC942}") = "MovementTest", "MovementTest.vcxproj", "{F4D101AD-17BD-3525-9072-CD76C8074BEB}"
	ProjectSection(ProjectDependencies) = postProject
		{B57C1B6C-F9A6-37B3-BF16-199B567E51AC} = {B57C1B6C-F9A6-37B3-BF16-199B567E51AC}
	EndProjectSection
EndProject
Project("{8BC9CEB8-8B4A-11D0-8D11-00A0C91BC942}") = "ZERO_CHECK", "ZERO_CHECK.vcxproj", "{B57C1B6C-F9A6-37B3-BF16-199B567E51AC}"
	ProjectSection(ProjectDependencies) = postProject
	EndProjectSection
EndProject
Global
	GlobalSection(SolutionConfigurationPlatforms) = preSolution
		Debug|x64 = Debug|x64
		Release|x64 = Release|x64
		MinSizeRel|x64 = MinSizeRel|x64
		RelWithDebInfo|x64 = RelWithDebInfo|x64
	EndGlobalSection
	GlobalSection(ProjectConfigurationPlatforms) = postSolution
		{5E3D187B-292F-39CE-AED3-A693F867C117}.Debug|x64.ActiveCfg = Debug|x64
		{5E3D187B-292F-39CE-AED3-A693F867C117}.Release|x64.ActiveCfg = Release|x64
		{5E3D187B-292F-39CE-AED3-A693F867C117}.MinSizeRel|x64.ActiveCfg = MinSizeRel|x64
		{5E3D187B-292F-39CE-AED3-A693F867C117}.RelWithDebInfo|x64.ActiveCfg = RelWithDebInfo|x64
		{F4D101AD-17BD-3525-9072-CD76C8074BEB}.Debug|x64.ActiveCfg = Debug|x64
		{F4D101AD-17BD-3525-9072-CD76C8074BEB}.Debug|x64.Build.0 = Debug|x64
		{F4D101AD-17BD-3525-9072-CD76C8074BEB}.Release|x64.ActiveCfg = Release|x64
		{F4D101AD-17BD-3525-9072-CD76C8074BEB}.Release|x64.Build.0 = Release|x64
		{F4D101AD-17BD-3525-9072-CD76C8074BEB}.MinSizeRel|x64.ActiveCfg = MinSizeRel|x64
		{F4D101AD-17BD-3525-9072-CD76C8074BEB}.MinSizeRel|x64.Build.0 = MinSizeRel|x64
		{F4D101AD-17BD-3525-9072-CD76C8074BEB}.RelWithDebInfo|x64.ActiveCfg = RelWithDebInfo|x64
		{F4D101AD-17BD-3525-9072-CD76C8074BEB}.RelWithDebInfo|x64.Build.0 = RelWithDebInfo|x64
		{B57C1B6C-F9A6-37B3-BF16-199B567E51AC}.Debug|x64.ActiveCfg = Debug|x64
		{B57C1B6C-F9A6-37B3-BF16-199B567E51AC}.Debug|x64.Build.0 = Debug|x64
		{B57C1B6C-F9A6-37B3-BF16-199B567E51AC}.Release|x64.ActiveCfg = Release|x64
		{B57C1B6C-F9A6-37B3-BF16-199B567E51AC}.Release|x64.Build.0 = Release|x64
		{B57C1B6C-F9A6-37B3-BF16-199B567E51AC}.MinSizeRel|x64.ActiveCfg = MinSizeRel|x64
		{B57C1B6C-F9A6-37B3-BF16-199B567E51AC}.MinSizeRel|x64.Build.0 = MinSizeRel|x64
		{B57C1B6C-F9A6-37B3-BF16-199B567E51AC}.RelWithDebInfo|x64.ActiveCfg = RelWithDebInfo|x64
		{B57C1B6C-F9A6-37B3-BF16-199B567E51AC}.RelWithDebInfo|x64.Build.0 = RelWithDebInfo|x64
	EndGlobalSection
	GlobalSection(ExtensibilityGlobals) = postSolution
		SolutionGuid = {CECCE379-25E6-3EAF-8515-0A8A119B158F}
	EndGlobalSection
	GlobalSection(ExtensibilityAddIns) = postSolution
	EndGlobalSection
EndGlobal
