<?xml version="1.0" encoding="utf-8"?>
<Project ToolsVersion="17.0" xmlns="http://schemas.microsoft.com/developer/msbuild/2003">
  <ItemGroup>
    <ClCompile Include="C:\Users\Hansangmin\Proj_a\Physics_Library\source\movement\Movement.cpp">
      <Filter>Source Files</Filter>
    </ClCompile>
  </ItemGroup>
  <ItemGroup>
    <ClInclude Include="C:\Users\Hansangmin\Proj_a\Physics_Library\source\movement\Movement.h">
      <Filter>Header Files</Filter>
    </ClInclude>
    <ClInclude Include="C:\Users\Hansangmin\Proj_a\Physics_Library\source\movement\character_info.h">
      <Filter>Header Files</Filter>
    </ClInclude>
  </ItemGroup>
  <ItemGroup>
    <CustomBuild Include="C:\Users\Hansangmin\Proj_a\Physics_Library\window\CMakeLists.txt" />
  </ItemGroup>
  <ItemGroup>
    <Filter Include="Header Files">
      <UniqueIdentifier>{3F7C59DA-91AD-370C-A3EE-8394A2C7169C}</UniqueIdentifier>
    </Filter>
    <Filter Include="Source Files">
      <UniqueIdentifier>{31CF0576-E516-3C19-BAFB-2E1FF13A74CE}</UniqueIdentifier>
    </Filter>
  </ItemGroup>
</Project>
